Microsoft Visual Studio Solution File, Format Version 11.00
# Visual Studio 2010
Project("{FAE04EC0-301F-11D3-BF4B-00C04F79EFBC}") = "District64Mvc", "src\District64Mvc\District64Mvc.csproj", "{D68C064D-6BF9-4FC0-99C7-A5211DCB7000}"
EndProject
Project("{FAE04EC0-301F-11D3-BF4B-00C04F79EFBC}") = "District64Mvc.Test", "src\District64Mvc.Test\District64Mvc.Test.csproj", "{1E7BA153-8E67-4AF7-AF20-4E15E7C40AC2}"
EndProject
Global
	GlobalSection(SolutionConfigurationPlatforms) = preSolution
		Debug|Any CPU = Debug|Any CPU
		Release|Any CPU = Release|Any CPU
	EndGlobalSection
	GlobalSection(ProjectConfigurationPlatforms) = postSolution
		{D68C064D-6BF9-4FC0-99C7-A5211DCB7000}.Debug|Any CPU.ActiveCfg = Debug|Any CPU
		{D68C064D-6BF9-4FC0-99C7-A5211DCB7000}.Debug|Any CPU.Build.0 = Debug|Any CPU
		{D68C064D-6BF9-4FC0-99C7-A5211DCB7000}.Release|Any CPU.ActiveCfg = Release|Any CPU
		{D68C064D-6BF9-4FC0-99C7-A5211DCB7000}.Release|Any CPU.Build.0 = Release|Any CPU
		{1E7BA153-8E67-4AF7-AF20-4E15E7C40AC2}.Debug|Any CPU.ActiveCfg = Debug|Any CPU
		{1E7BA153-8E67-4AF7-AF20-4E15E7C40AC2}.Debug|Any CPU.Build.0 = Debug|Any CPU
		{1E7BA153-8E67-4AF7-AF20-4E15E7C40AC2}.Release|Any CPU.ActiveCfg = Release|Any CPU
	EndGlobalSection
	GlobalSection(SolutionProperties) = preSolution
		HideSolutionNode = FALSE
	EndGlobalSection
EndGlobal
